
Microsoft Visual Studio Solution File, Format Version 12.00
# Visual Studio 2012
Project("{FAE04EC0-301F-11D3-BF4B-00C04F79EFBC}") = "AutoTest.ArgumentNullException", "AutoTest.ArgumentNullException\AutoTest.ArgumentNullException.csproj", "{1EFCE40C-40D8-421C-B756-01E9A5C6EA1F}"
EndProject
Project("{2150E333-8FDC-42A3-9474-1A3956D46DE8}") = "Tests", "Tests", "{F6353456-CCA6-4B1E-BB7E-A61C602C6CD5}"
EndProject
Project("{FAE04EC0-301F-11D3-BF4B-00C04F79EFBC}") = "AutoTest.ArgumentNullException.Tests", "Tests\AutoTest.ArgumentNullException.Tests\AutoTest.ArgumentNullException.Tests.csproj", "{6587C33F-8849-4C90-8E49-ABCE9823F4CB}"
EndProject
Project("{2150E333-8FDC-42A3-9474-1A3956D46DE8}") = ".nuget", ".nuget", "{31716EDB-62C5-442A-AD33-ABDA87417607}"
	ProjectSection(SolutionItems) = preProject
		.nuget\NuGet.Config = .nuget\NuGet.Config
		.nuget\NuGet.exe = .nuget\NuGet.exe
		.nuget\NuGet.targets = .nuget\NuGet.targets
		.nuget\packages.config = .nuget\packages.config
	EndProjectSection
EndProject
Project("{FAE04EC0-301F-11D3-BF4B-00C04F79EFBC}") = "AutoTest.ExampleLibrary", "Tests\AutoTest.ExampleLibrary\AutoTest.ExampleLibrary.csproj", "{918E3C57-46B4-4B4A-8A95-45F54FFEBB92}"
EndProject
Project("{FAE04EC0-301F-11D3-BF4B-00C04F79EFBC}") = "AutoTest.ExampleLibrary.Tests", "Tests\AutoTest.ExampleLibrary.Tests\AutoTest.ExampleLibrary.Tests.csproj", "{A2465CE3-4FAA-4227-A4A4-6C5F660E4344}"
EndProject
Project("{FAE04EC0-301F-11D3-BF4B-00C04F79EFBC}") = "AutoTest.ArgumentNullException.Xunit", "AutoTest.ArgumentNullException.Xunit\AutoTest.ArgumentNullException.Xunit.csproj", "{73C0260E-DB5D-465D-A3D9-A37B443B9074}"
EndProject
Global
	GlobalSection(SolutionConfigurationPlatforms) = preSolution
		Debug|Any CPU = Debug|Any CPU
		Release|Any CPU = Release|Any CPU
	EndGlobalSection
	GlobalSection(ProjectConfigurationPlatforms) = postSolution
		{1EFCE40C-40D8-421C-B756-01E9A5C6EA1F}.Debug|Any CPU.ActiveCfg = Debug|Any CPU
		{1EFCE40C-40D8-421C-B756-01E9A5C6EA1F}.Debug|Any CPU.Build.0 = Debug|Any CPU
		{1EFCE40C-40D8-421C-B756-01E9A5C6EA1F}.Release|Any CPU.ActiveCfg = Release|Any CPU
		{1EFCE40C-40D8-421C-B756-01E9A5C6EA1F}.Release|Any CPU.Build.0 = Release|Any CPU
		{6587C33F-8849-4C90-8E49-ABCE9823F4CB}.Debug|Any CPU.ActiveCfg = Debug|Any CPU
		{6587C33F-8849-4C90-8E49-ABCE9823F4CB}.Debug|Any CPU.Build.0 = Debug|Any CPU
		{6587C33F-8849-4C90-8E49-ABCE9823F4CB}.Release|Any CPU.ActiveCfg = Release|Any CPU
		{6587C33F-8849-4C90-8E49-ABCE9823F4CB}.Release|Any CPU.Build.0 = Release|Any CPU
		{918E3C57-46B4-4B4A-8A95-45F54FFEBB92}.Debug|Any CPU.ActiveCfg = Debug|Any CPU
		{918E3C57-46B4-4B4A-8A95-45F54FFEBB92}.Debug|Any CPU.Build.0 = Debug|Any CPU
		{918E3C57-46B4-4B4A-8A95-45F54FFEBB92}.Release|Any CPU.ActiveCfg = Release|Any CPU
		{918E3C57-46B4-4B4A-8A95-45F54FFEBB92}.Release|Any CPU.Build.0 = Release|Any CPU
		{A2465CE3-4FAA-4227-A4A4-6C5F660E4344}.Debug|Any CPU.ActiveCfg = Debug|Any CPU
		{A2465CE3-4FAA-4227-A4A4-6C5F660E4344}.Debug|Any CPU.Build.0 = Debug|Any CPU
		{A2465CE3-4FAA-4227-A4A4-6C5F660E4344}.Release|Any CPU.ActiveCfg = Release|Any CPU
		{A2465CE3-4FAA-4227-A4A4-6C5F660E4344}.Release|Any CPU.Build.0 = Release|Any CPU
		{73C0260E-DB5D-465D-A3D9-A37B443B9074}.Debug|Any CPU.ActiveCfg = Debug|Any CPU
		{73C0260E-DB5D-465D-A3D9-A37B443B9074}.Debug|Any CPU.Build.0 = Debug|Any CPU
		{73C0260E-DB5D-465D-A3D9-A37B443B9074}.Release|Any CPU.ActiveCfg = Release|Any CPU
		{73C0260E-DB5D-465D-A3D9-A37B443B9074}.Release|Any CPU.Build.0 = Release|Any CPU
	EndGlobalSection
	GlobalSection(SolutionProperties) = preSolution
		HideSolutionNode = FALSE
	EndGlobalSection
	GlobalSection(NestedProjects) = preSolution
		{6587C33F-8849-4C90-8E49-ABCE9823F4CB} = {F6353456-CCA6-4B1E-BB7E-A61C602C6CD5}
		{918E3C57-46B4-4B4A-8A95-45F54FFEBB92} = {F6353456-CCA6-4B1E-BB7E-A61C602C6CD5}
		{A2465CE3-4FAA-4227-A4A4-6C5F660E4344} = {F6353456-CCA6-4B1E-BB7E-A61C602C6CD5}
	EndGlobalSection
EndGlobal
